// !$*UTF8*$!
{
	archiveVersion = 1;
	classes = {
	};
	objectVersion = 50;
	objects = {

/* Begin PBXBuildFile section */
		B3DDCE49257CB91500F1985C /* WorkoutApp.swift in Sources */ = {isa = PBXBuildFile; fileRef = B3DDCE48257CB91500F1985C /* WorkoutApp.swift */; };
		B3DDCE4B257CB91500F1985C /* ContentView.swift in Sources */ = {isa = PBXBuildFile; fileRef = B3DDCE4A257CB91500F1985C /* ContentView.swift */; };
		B3DDCE4D257CB91700F1985C /* Assets.xcassets in Resources */ = {isa = PBXBuildFile; fileRef = B3DDCE4C257CB91700F1985C /* Assets.xcassets */; };
		B3DDCE50257CB91700F1985C /* Preview Assets.xcassets in Resources */ = {isa = PBXBuildFile; fileRef = B3DDCE4F257CB91700F1985C /* Preview Assets.xcassets */; };
		B3DDCE5B257CB9AA00F1985C /* WorkoutLabel.swift in Sources */ = {isa = PBXBuildFile; fileRef = B3DDCE5A257CB9AA00F1985C /* WorkoutLabel.swift */; };
		B3DDCE5E257CB9D000F1985C /* SitUpButton.swift in Sources */ = {isa = PBXBuildFile; fileRef = B3DDCE5D257CB9D000F1985C /* SitUpButton.swift */; };
		B3DDCE61257CB9F800F1985C /* PushUpButton.swift in Sources */ = {isa = PBXBuildFile; fileRef = B3DDCE60257CB9F700F1985C /* PushUpButton.swift */; };
		B3DDCE64257CBA2500F1985C /* PullUpButton.swift in Sources */ = {isa = PBXBuildFile; fileRef = B3DDCE63257CBA2500F1985C /* PullUpButton.swift */; };
		B3DDCE68257CBAD200F1985C /* SitUpRobot.swift in Sources */ = {isa = PBXBuildFile; fileRef = B3DDCE67257CBAD200F1985C /* SitUpRobot.swift */; };
		B3DDCE6B257CBB1E00F1985C /* PullUpRobot.swift in Sources */ = {isa = PBXBuildFile; fileRef = B3DDCE6A257CBB1E00F1985C /* PullUpRobot.swift */; };
		B3DDCE6E257CBB5900F1985C /* PushUpRobot.swift in Sources */ = {isa = PBXBuildFile; fileRef = B3DDCE6D257CBB5900F1985C /* PushUpRobot.swift */; };
/* End PBXBuildFile section */

/* Begin PBXFileReference section */
		B3DDCE45257CB91500F1985C /* Workout.app */ = {isa = PBXFileReference; explicitFileType = wrapper.application; includeInIndex = 0; path = Workout.app; sourceTree = BUILT_PRODUCTS_DIR; };
		B3DDCE48257CB91500F1985C /* WorkoutApp.swift */ = {isa = PBXFileReference; lastKnownFileType = sourcecode.swift; path = WorkoutApp.swift; sourceTree = "<group>"; };
		B3DDCE4A257CB91500F1985C /* ContentView.swift */ = {isa = PBXFileReference; lastKnownFileType = sourcecode.swift; path = ContentView.swift; sourceTree = "<group>"; };
		B3DDCE4C257CB91700F1985C /* Assets.xcassets */ = {isa = PBXFileReference; lastKnownFileType = folder.assetcatalog; path = Assets.xcassets; sourceTree = "<group>"; };
		B3DDCE4F257CB91700F1985C /* Preview Assets.xcassets */ = {isa = PBXFileReference; lastKnownFileType = folder.assetcatalog; path = "Preview Assets.xcassets"; sourceTree = "<group>"; };
		B3DDCE51257CB91700F1985C /* Info.plist */ = {isa = PBXFileReference; lastKnownFileType = text.plist.xml; path = Info.plist; sourceTree = "<group>"; };
		B3DDCE5A257CB9AA00F1985C /* WorkoutLabel.swift */ = {isa = PBXFileReference; lastKnownFileType = sourcecode.swift; path = WorkoutLabel.swift; sourceTree = "<group>"; };
		B3DDCE5D257CB9D000F1985C /* SitUpButton.swift */ = {isa = PBXFileReference; lastKnownFileType = sourcecode.swift; path = SitUpButton.swift; sourceTree = "<group>"; };
		B3DDCE60257CB9F700F1985C /* PushUpButton.swift */ = {isa = PBXFileReference; lastKnownFileType = sourcecode.swift; path = PushUpButton.swift; sourceTree = "<group>"; };
		B3DDCE63257CBA2500F1985C /* PullUpButton.swift */ = {isa = PBXFileReference; lastKnownFileType = sourcecode.swift; path = PullUpButton.swift; sourceTree = "<group>"; };
		B3DDCE67257CBAD200F1985C /* SitUpRobot.swift */ = {isa = PBXFileReference; lastKnownFileType = sourcecode.swift; path = SitUpRobot.swift; sourceTree = "<group>"; };
		B3DDCE6A257CBB1E00F1985C /* PullUpRobot.swift */ = {isa = PBXFileReference; lastKnownFileType = sourcecode.swift; path = PullUpRobot.swift; sourceTree = "<group>"; };
		B3DDCE6D257CBB5900F1985C /* PushUpRobot.swift */ = {isa = PBXFileReference; lastKnownFileType = sourcecode.swift; path = PushUpRobot.swift; sourceTree = "<group>"; };
/* End PBXFileReference section */

/* Begin PBXFrameworksBuildPhase section */
		B3DDCE42257CB91500F1985C /* Frameworks */ = {
			isa = PBXFrameworksBuildPhase;
			buildActionMask = 2147483647;
			files = (
			);
			runOnlyForDeploymentPostprocessing = 0;
		};
/* End PBXFrameworksBuildPhase section */

/* Begin PBXGroup section */
		B3DDCE3C257CB91500F1985C = {
			isa = PBXGroup;
			children = (
				B3DDCE47257CB91500F1985C /* Workout */,
				B3DDCE46257CB91500F1985C /* Products */,
			);
			sourceTree = "<group>";
		};
		B3DDCE46257CB91500F1985C /* Products */ = {
			isa = PBXGroup;
			children = (
				B3DDCE45257CB91500F1985C /* Workout.app */,
			);
			name = Products;
			sourceTree = "<group>";
		};
		B3DDCE47257CB91500F1985C /* Workout */ = {
			isa = PBXGroup;
			children = (
				B3DDCE59257CB98B00F1985C /* View */,
				B3DDCE58257CB98600F1985C /* Model */,
				B3DDCE48257CB91500F1985C /* WorkoutApp.swift */,
				B3DDCE4C257CB91700F1985C /* Assets.xcassets */,
				B3DDCE51257CB91700F1985C /* Info.plist */,
				B3DDCE4E257CB91700F1985C /* Preview Content */,
			);
			path = Workout;
			sourceTree = "<group>";
		};
		B3DDCE4E257CB91700F1985C /* Preview Content */ = {
			isa = PBXGroup;
			children = (
				B3DDCE4F257CB91700F1985C /* Preview Assets.xcassets */,
			);
			path = "Preview Content";
			sourceTree = "<group>";
		};
		B3DDCE58257CB98600F1985C /* Model */ = {
			isa = PBXGroup;
			children = (
				B3DDCE67257CBAD200F1985C /* SitUpRobot.swift */,
				B3DDCE6A257CBB1E00F1985C /* PullUpRobot.swift */,
				B3DDCE6D257CBB5900F1985C /* PushUpRobot.swift */,
			);
			path = Model;
			sourceTree = "<group>";
		};
		B3DDCE59257CB98B00F1985C /* View */ = {
			isa = PBXGroup;
			children = (
				B3DDCE4A257CB91500F1985C /* ContentView.swift */,
				B3DDCE5A257CB9AA00F1985C /* WorkoutLabel.swift */,
				B3DDCE5D257CB9D000F1985C /* SitUpButton.swift */,
				B3DDCE60257CB9F700F1985C /* PushUpButton.swift */,
				B3DDCE63257CBA2500F1985C /* PullUpButton.swift */,
			);
			path = View;
			sourceTree = "<group>";
		};
/* End PBXGroup section */

/* Begin PBXNativeTarget section */
		B3DDCE44257CB91500F1985C /* Workout */ = {
			isa = PBXNativeTarget;
			buildConfigurationList = B3DDCE54257CB91700F1985C /* Build configuration list for PBXNativeTarget "Workout" */;
			buildPhases = (
				B3DDCE41257CB91500F1985C /* Sources */,
				B3DDCE42257CB91500F1985C /* Frameworks */,
				B3DDCE43257CB91500F1985C /* Resources */,
			);
			buildRules = (
			);
			dependencies = (
			);
			name = Workout;
			productName = Workout;
			productReference = B3DDCE45257CB91500F1985C /* Workout.app */;
			productType = "com.apple.product-type.application";
		};
/* End PBXNativeTarget section */

/* Begin PBXProject section */
		B3DDCE3D257CB91500F1985C /* Project object */ = {
			isa = PBXProject;
			attributes = {
				LastSwiftUpdateCheck = 1220;
				LastUpgradeCheck = 1220;
				TargetAttributes = {
					B3DDCE44257CB91500F1985C = {
						CreatedOnToolsVersion = 12.2;
					};
				};
			};
			buildConfigurationList = B3DDCE40257CB91500F1985C /* Build configuration list for PBXProject "Workout" */;
			compatibilityVersion = "Xcode 9.3";
			developmentRegion = en;
			hasScannedForEncodings = 0;
			knownRegions = (
				en,
				Base,
			);
			mainGroup = B3DDCE3C257CB91500F1985C;
			productRefGroup = B3DDCE46257CB91500F1985C /* Products */;
			projectDirPath = "";
			projectRoot = "";
			targets = (
				B3DDCE44257CB91500F1985C /* Workout */,
			);
		};
/* End PBXProject section */

/* Begin PBXResourcesBuildPhase section */
		B3DDCE43257CB91500F1985C /* Resources */ = {
			isa = PBXResourcesBuildPhase;
			buildActionMask = 2147483647;
			files = (
				B3DDCE50257CB91700F1985C /* Preview Assets.xcassets in Resources */,
				B3DDCE4D257CB91700F1985C /* Assets.xcassets in Resources */,
			);
			runOnlyForDeploymentPostprocessing = 0;
		};
/* End PBXResourcesBuildPhase section */

/* Begin PBXSourcesBuildPhase section */
		B3DDCE41257CB91500F1985C /* Sources */ = {
			isa = PBXSourcesBuildPhase;
			buildActionMask = 2147483647;
			files = (
				B3DDCE6E257CBB5900F1985C /* PushUpRobot.swift in Sources */,
				B3DDCE61257CB9F800F1985C /* PushUpButton.swift in Sources */,
				B3DDCE4B257CB91500F1985C /* ContentView.swift in Sources */,
				B3DDCE5E257CB9D000F1985C /* SitUpButton.swift in Sources */,
				B3DDCE5B257CB9AA00F1985C /* WorkoutLabel.swift in Sources */,
				B3DDCE6B257CBB1E00F1985C /* PullUpRobot.swift in Sources */,
				B3DDCE49257CB91500F1985C /* WorkoutApp.swift in Sources */,
				B3DDCE64257CBA2500F1985C /* PullUpButton.swift in Sources */,
				B3DDCE68257CBAD200F1985C /* SitUpRobot.swift in Sources */,
			);
			runOnlyForDeploymentPostprocessing = 0;
		};
/* End PBXSourcesBuildPhase section */

/* Begin XCBuildConfiguration section */
		B3DDCE52257CB91700F1985C /* Debug */ = {
			isa = XCBuildConfiguration;
			buildSettings = {
				ALWAYS_SEARCH_USER_PATHS = NO;
				CLANG_ANALYZER_NONNULL = YES;
				CLANG_ANALYZER_NUMBER_OBJECT_CONVERSION = YES_AGGRESSIVE;
				CLANG_CXX_LANGUAGE_STANDARD = "gnu++14";
				CLANG_CXX_LIBRARY = "libc++";
				CLANG_ENABLE_MODULES = YES;
				CLANG_ENABLE_OBJC_ARC = YES;
				CLANG_ENABLE_OBJC_WEAK = YES;
				CLANG_WARN_BLOCK_CAPTURE_AUTORELEASING = YES;
				CLANG_WARN_BOOL_CONVERSION = YES;
				CLANG_WARN_COMMA = YES;
				CLANG_WARN_CONSTANT_CONVERSION = YES;
				CLANG_WARN_DEPRECATED_OBJC_IMPLEMENTATIONS = YES;
				CLANG_WARN_DIRECT_OBJC_ISA_USAGE = YES_ERROR;
				CLANG_WARN_DOCUMENTATION_COMMENTS = YES;
				CLANG_WARN_EMPTY_BODY = YES;
				CLANG_WARN_ENUM_CONVERSION = YES;
				CLANG_WARN_INFINITE_RECURSION = YES;
				CLANG_WARN_INT_CONVERSION = YES;
				CLANG_WARN_NON_LITERAL_NULL_CONVERSION = YES;
				CLANG_WARN_OBJC_IMPLICIT_RETAIN_SELF = YES;
				CLANG_WARN_OBJC_LITERAL_CONVERSION = YES;
				CLANG_WARN_OBJC_ROOT_CLASS = YES_ERROR;
				CLANG_WARN_QUOTED_INCLUDE_IN_FRAMEWORK_HEADER = YES;
				CLANG_WARN_RANGE_LOOP_ANALYSIS = YES;
				CLANG_WARN_STRICT_PROTOTYPES = YES;
				CLANG_WARN_SUSPICIOUS_MOVE = YES;
				CLANG_WARN_UNGUARDED_AVAILABILITY = YES_AGGRESSIVE;
				CLANG_WARN_UNREACHABLE_CODE = YES;
				CLANG_WARN__DUPLICATE_METHOD_MATCH = YES;
				COPY_PHASE_STRIP = NO;
				DEBUG_INFORMATION_FORMAT = dwarf;
				ENABLE_STRICT_OBJC_MSGSEND = YES;
				ENABLE_TESTABILITY = YES;
				GCC_C_LANGUAGE_STANDARD = gnu11;
				GCC_DYNAMIC_NO_PIC = NO;
				GCC_NO_COMMON_BLOCKS = YES;
				GCC_OPTIMIZATION_LEVEL = 0;
				GCC_PREPROCESSOR_DEFINITIONS = (
					"DEBUG=1",
					"$(inherited)",
				);
				GCC_WARN_64_TO_32_BIT_CONVERSION = YES;
				GCC_WARN_ABOUT_RETURN_TYPE = YES_ERROR;
				GCC_WARN_UNDECLARED_SELECTOR = YES;
				GCC_WARN_UNINITIALIZED_AUTOS = YES_AGGRESSIVE;
				GCC_WARN_UNUSED_FUNCTION = YES;
				GCC_WARN_UNUSED_VARIABLE = YES;
				IPHONEOS_DEPLOYMENT_TARGET = 14.2;
				MTL_ENABLE_DEBUG_INFO = INCLUDE_SOURCE;
				MTL_FAST_MATH = YES;
				ONLY_ACTIVE_ARCH = YES;
				SDKROOT = iphoneos;
				SWIFT_ACTIVE_COMPILATION_CONDITIONS = DEBUG;
				SWIFT_OPTIMIZATION_LEVEL = "-Onone";
			};
			name = Debug;
		};
		B3DDCE53257CB91700F1985C /* Release */ = {
			isa = XCBuildConfiguration;
			buildSettings = {
				ALWAYS_SEARCH_USER_PATHS = NO;
				CLANG_ANALYZER_NONNULL = YES;
				CLANG_ANALYZER_NUMBER_OBJECT_CONVERSION = YES_AGGRESSIVE;
				CLANG_CXX_LANGUAGE_STANDARD = "gnu++14";
				CLANG_CXX_LIBRARY = "libc++";
				CLANG_ENABLE_MODULES = YES;
				CLANG_ENABLE_OBJC_ARC = YES;
				CLANG_ENABLE_OBJC_WEAK = YES;
				CLANG_WARN_BLOCK_CAPTURE_AUTORELEASING = YES;
				CLANG_WARN_BOOL_CONVERSION = YES;
				CLANG_WARN_COMMA = YES;
				CLANG_WARN_CONSTANT_CONVERSION = YES;
				CLANG_WARN_DEPRECATED_OBJC_IMPLEMENTATIONS = YES;
				CLANG_WARN_DIRECT_OBJC_ISA_USAGE = YES_ERROR;
				CLANG_WARN_DOCUMENTATION_COMMENTS = YES;
				CLANG_WARN_EMPTY_BODY = YES;
				CLANG_WARN_ENUM_CONVERSION = YES;
				CLANG_WARN_INFINITE_RECURSION = YES;
				CLANG_WARN_INT_CONVERSION = YES;
				CLANG_WARN_NON_LITERAL_NULL_CONVERSION = YES;
				CLANG_WARN_OBJC_IMPLICIT_RETAIN_SELF = YES;
				CLANG_WARN_OBJC_LITERAL_CONVERSION = YES;
				CLANG_WARN_OBJC_ROOT_CLASS = YES_ERROR;
				CLANG_WARN_QUOTED_INCLUDE_IN_FRAMEWORK_HEADER = YES;
				CLANG_WARN_RANGE_LOOP_ANALYSIS = YES;
				CLANG_WARN_STRICT_PROTOTYPES = YES;
				CLANG_WARN_SUSPICIOUS_MOVE = YES;
				CLANG_WARN_UNGUARDED_AVAILABILITY = YES_AGGRESSIVE;
				CLANG_WARN_UNREACHABLE_CODE = YES;
				CLANG_WARN__DUPLICATE_METHOD_MATCH = YES;
				COPY_PHASE_STRIP = NO;
				DEBUG_INFORMATION_FORMAT = "dwarf-with-dsym";
				ENABLE_NS_ASSERTIONS = NO;
				ENABLE_STRICT_OBJC_MSGSEND = YES;
				GCC_C_LANGUAGE_STANDARD = gnu11;
				GCC_NO_COMMON_BLOCKS = YES;
				GCC_WARN_64_TO_32_BIT_CONVERSION = YES;
				GCC_WARN_ABOUT_RETURN_TYPE = YES_ERROR;
				GCC_WARN_UNDECLARED_SELECTOR = YES;
				GCC_WARN_UNINITIALIZED_AUTOS = YES_AGGRESSIVE;
				GCC_WARN_UNUSED_FUNCTION = YES;
				GCC_WARN_UNUSED_VARIABLE = YES;
				IPHONEOS_DEPLOYMENT_TARGET = 14.2;
				MTL_ENABLE_DEBUG_INFO = NO;
				MTL_FAST_MATH = YES;
				SDKROOT = iphoneos;
				SWIFT_COMPILATION_MODE = wholemodule;
				SWIFT_OPTIMIZATION_LEVEL = "-O";
				VALIDATE_PRODUCT = YES;
			};
			name = Release;
		};
		B3DDCE55257CB91700F1985C /* Debug */ = {
			isa = XCBuildConfiguration;
			buildSettings = {
				ASSETCATALOG_COMPILER_APPICON_NAME = AppIcon;
				ASSETCATALOG_COMPILER_GLOBAL_ACCENT_COLOR_NAME = AccentColor;
				CODE_SIGN_STYLE = Automatic;
				DEVELOPMENT_ASSET_PATHS = "\"Workout/Preview Content\"";
				DEVELOPMENT_TEAM = 5WWX4FV258;
				ENABLE_PREVIEWS = YES;
				INFOPLIST_FILE = Workout/Info.plist;
				IPHONEOS_DEPLOYMENT_TARGET = 14.0;
				LD_RUNPATH_SEARCH_PATHS = (
					"$(inherited)",
					"@executable_path/Frameworks",
				);
				PRODUCT_BUNDLE_IDENTIFIER = design.luannguyen.Workout;
				PRODUCT_NAME = "$(TARGET_NAME)";
				SWIFT_VERSION = 5.0;
				TARGETED_DEVICE_FAMILY = "1,2";
			};
			name = Debug;
		};
		B3DDCE56257CB91700F1985C /* Release */ = {
			isa = XCBuildConfiguration;
			buildSettings = {
				ASSETCATALOG_COMPILER_APPICON_NAME = AppIcon;
				ASSETCATALOG_COMPILER_GLOBAL_ACCENT_COLOR_NAME = AccentColor;
				CODE_SIGN_STYLE = Automatic;
				DEVELOPMENT_ASSET_PATHS = "\"Workout/Preview Content\"";
				DEVELOPMENT_TEAM = 5WWX4FV258;
				ENABLE_PREVIEWS = YES;
				INFOPLIST_FILE = Workout/Info.plist;
				IPHONEOS_DEPLOYMENT_TARGET = 14.0;
				LD_RUNPATH_SEARCH_PATHS = (
					"$(inherited)",
					"@executable_path/Frameworks",
				);
				PRODUCT_BUNDLE_IDENTIFIER = design.luannguyen.Workout;
				PRODUCT_NAME = "$(TARGET_NAME)";
				SWIFT_VERSION = 5.0;
				TARGETED_DEVICE_FAMILY = "1,2";
			};
			name = Release;
		};
/* End XCBuildConfiguration section */

/* Begin XCConfigurationList section */
		B3DDCE40257CB91500F1985C /* Build configuration list for PBXProject "Workout" */ = {
			isa = XCConfigurationList;
			buildConfigurations = (
				B3DDCE52257CB91700F1985C /* Debug */,
				B3DDCE53257CB91700F1985C /* Release */,
			);
			defaultConfigurationIsVisible = 0;
			defaultConfigurationName = Release;
		};
		B3DDCE54257CB91700F1985C /* Build configuration list for PBXNativeTarget "Workout" */ = {
			isa = XCConfigurationList;
			buildConfigurations = (
				B3DDCE55257CB91700F1985C /* Debug */,
				B3DDCE56257CB91700F1985C /* Release */,
			);
			defaultConfigurationIsVisible = 0;
			defaultConfigurationName = Release;
		};
/* End XCConfigurationList section */
	};
	rootObject = B3DDCE3D257CB91500F1985C /* Project object */;
}
