// !$*UTF8*$!
{
	archiveVersion = 1;
	classes = {
	};
	objectVersion = 50;
	objects = {

/* Begin PBXBuildFile section */
		B3DDCFAD257CFE1400F1985C /* SmoothieHouseApp.swift in Sources */ = {isa = PBXBuildFile; fileRef = B3DDCFAC257CFE1400F1985C /* SmoothieHouseApp.swift */; };
		B3DDCFAF257CFE1400F1985C /* ContentView.swift in Sources */ = {isa = PBXBuildFile; fileRef = B3DDCFAE257CFE1400F1985C /* ContentView.swift */; };
		B3DDCFB1257CFE1800F1985C /* Assets.xcassets in Resources */ = {isa = PBXBuildFile; fileRef = B3DDCFB0257CFE1800F1985C /* Assets.xcassets */; };
		B3DDCFB4257CFE1800F1985C /* Preview Assets.xcassets in Resources */ = {isa = PBXBuildFile; fileRef = B3DDCFB3257CFE1800F1985C /* Preview Assets.xcassets */; };
		B3DDCFC0257CFF8700F1985C /* Item.swift in Sources */ = {isa = PBXBuildFile; fileRef = B3DDCFBF257CFF8700F1985C /* Item.swift */; };
		B3DDCFC4257CFFF000F1985C /* Curve.swift in Sources */ = {isa = PBXBuildFile; fileRef = B3DDCFC3257CFFF000F1985C /* Curve.swift */; };
		B3DDCFC7257D004600F1985C /* ItemCurve.swift in Sources */ = {isa = PBXBuildFile; fileRef = B3DDCFC6257D004600F1985C /* ItemCurve.swift */; };
		B3DDCFCA257D007F00F1985C /* ItemView.swift in Sources */ = {isa = PBXBuildFile; fileRef = B3DDCFC9257D007F00F1985C /* ItemView.swift */; };
		B3DDCFCD257D00E200F1985C /* Home.swift in Sources */ = {isa = PBXBuildFile; fileRef = B3DDCFCC257D00E200F1985C /* Home.swift */; };
/* End PBXBuildFile section */

/* Begin PBXFileReference section */
		B3DDCFA9257CFE1400F1985C /* SmoothieHouse.app */ = {isa = PBXFileReference; explicitFileType = wrapper.application; includeInIndex = 0; path = SmoothieHouse.app; sourceTree = BUILT_PRODUCTS_DIR; };
		B3DDCFAC257CFE1400F1985C /* SmoothieHouseApp.swift */ = {isa = PBXFileReference; lastKnownFileType = sourcecode.swift; path = SmoothieHouseApp.swift; sourceTree = "<group>"; };
		B3DDCFAE257CFE1400F1985C /* ContentView.swift */ = {isa = PBXFileReference; lastKnownFileType = sourcecode.swift; path = ContentView.swift; sourceTree = "<group>"; };
		B3DDCFB0257CFE1800F1985C /* Assets.xcassets */ = {isa = PBXFileReference; lastKnownFileType = folder.assetcatalog; path = Assets.xcassets; sourceTree = "<group>"; };
		B3DDCFB3257CFE1800F1985C /* Preview Assets.xcassets */ = {isa = PBXFileReference; lastKnownFileType = folder.assetcatalog; path = "Preview Assets.xcassets"; sourceTree = "<group>"; };
		B3DDCFB5257CFE1800F1985C /* Info.plist */ = {isa = PBXFileReference; lastKnownFileType = text.plist.xml; path = Info.plist; sourceTree = "<group>"; };
		B3DDCFBF257CFF8700F1985C /* Item.swift */ = {isa = PBXFileReference; lastKnownFileType = sourcecode.swift; path = Item.swift; sourceTree = "<group>"; };
		B3DDCFC3257CFFF000F1985C /* Curve.swift */ = {isa = PBXFileReference; lastKnownFileType = sourcecode.swift; path = Curve.swift; sourceTree = "<group>"; };
		B3DDCFC6257D004600F1985C /* ItemCurve.swift */ = {isa = PBXFileReference; lastKnownFileType = sourcecode.swift; path = ItemCurve.swift; sourceTree = "<group>"; };
		B3DDCFC9257D007F00F1985C /* ItemView.swift */ = {isa = PBXFileReference; lastKnownFileType = sourcecode.swift; path = ItemView.swift; sourceTree = "<group>"; };
		B3DDCFCC257D00E200F1985C /* Home.swift */ = {isa = PBXFileReference; lastKnownFileType = sourcecode.swift; path = Home.swift; sourceTree = "<group>"; };
/* End PBXFileReference section */

/* Begin PBXFrameworksBuildPhase section */
		B3DDCFA6257CFE1400F1985C /* Frameworks */ = {
			isa = PBXFrameworksBuildPhase;
			buildActionMask = 2147483647;
			files = (
			);
			runOnlyForDeploymentPostprocessing = 0;
		};
/* End PBXFrameworksBuildPhase section */

/* Begin PBXGroup section */
		B3DDCFA0257CFE1400F1985C = {
			isa = PBXGroup;
			children = (
				B3DDCFAB257CFE1400F1985C /* SmoothieHouse */,
				B3DDCFAA257CFE1400F1985C /* Products */,
			);
			sourceTree = "<group>";
		};
		B3DDCFAA257CFE1400F1985C /* Products */ = {
			isa = PBXGroup;
			children = (
				B3DDCFA9257CFE1400F1985C /* SmoothieHouse.app */,
			);
			name = Products;
			sourceTree = "<group>";
		};
		B3DDCFAB257CFE1400F1985C /* SmoothieHouse */ = {
			isa = PBXGroup;
			children = (
				B3DDCFBE257CFF1700F1985C /* Styles */,
				B3DDCFBD257CFF1200F1985C /* Views */,
				B3DDCFBC257CFF0C00F1985C /* Models */,
				B3DDCFAC257CFE1400F1985C /* SmoothieHouseApp.swift */,
				B3DDCFB0257CFE1800F1985C /* Assets.xcassets */,
				B3DDCFB5257CFE1800F1985C /* Info.plist */,
				B3DDCFB2257CFE1800F1985C /* Preview Content */,
			);
			path = SmoothieHouse;
			sourceTree = "<group>";
		};
		B3DDCFB2257CFE1800F1985C /* Preview Content */ = {
			isa = PBXGroup;
			children = (
				B3DDCFB3257CFE1800F1985C /* Preview Assets.xcassets */,
			);
			path = "Preview Content";
			sourceTree = "<group>";
		};
		B3DDCFBC257CFF0C00F1985C /* Models */ = {
			isa = PBXGroup;
			children = (
				B3DDCFBF257CFF8700F1985C /* Item.swift */,
			);
			path = Models;
			sourceTree = "<group>";
		};
		B3DDCFBD257CFF1200F1985C /* Views */ = {
			isa = PBXGroup;
			children = (
				B3DDCFAE257CFE1400F1985C /* ContentView.swift */,
				B3DDCFC9257D007F00F1985C /* ItemView.swift */,
				B3DDCFCC257D00E200F1985C /* Home.swift */,
			);
			path = Views;
			sourceTree = "<group>";
		};
		B3DDCFBE257CFF1700F1985C /* Styles */ = {
			isa = PBXGroup;
			children = (
				B3DDCFC3257CFFF000F1985C /* Curve.swift */,
				B3DDCFC6257D004600F1985C /* ItemCurve.swift */,
			);
			path = Styles;
			sourceTree = "<group>";
		};
/* End PBXGroup section */

/* Begin PBXNativeTarget section */
		B3DDCFA8257CFE1400F1985C /* SmoothieHouse */ = {
			isa = PBXNativeTarget;
			buildConfigurationList = B3DDCFB8257CFE1800F1985C /* Build configuration list for PBXNativeTarget "SmoothieHouse" */;
			buildPhases = (
				B3DDCFA5257CFE1400F1985C /* Sources */,
				B3DDCFA6257CFE1400F1985C /* Frameworks */,
				B3DDCFA7257CFE1400F1985C /* Resources */,
			);
			buildRules = (
			);
			dependencies = (
			);
			name = SmoothieHouse;
			productName = SmoothieHouse;
			productReference = B3DDCFA9257CFE1400F1985C /* SmoothieHouse.app */;
			productType = "com.apple.product-type.application";
		};
/* End PBXNativeTarget section */

/* Begin PBXProject section */
		B3DDCFA1257CFE1400F1985C /* Project object */ = {
			isa = PBXProject;
			attributes = {
				LastSwiftUpdateCheck = 1220;
				LastUpgradeCheck = 1220;
				TargetAttributes = {
					B3DDCFA8257CFE1400F1985C = {
						CreatedOnToolsVersion = 12.2;
					};
				};
			};
			buildConfigurationList = B3DDCFA4257CFE1400F1985C /* Build configuration list for PBXProject "SmoothieHouse" */;
			compatibilityVersion = "Xcode 9.3";
			developmentRegion = en;
			hasScannedForEncodings = 0;
			knownRegions = (
				en,
				Base,
			);
			mainGroup = B3DDCFA0257CFE1400F1985C;
			productRefGroup = B3DDCFAA257CFE1400F1985C /* Products */;
			projectDirPath = "";
			projectRoot = "";
			targets = (
				B3DDCFA8257CFE1400F1985C /* SmoothieHouse */,
			);
		};
/* End PBXProject section */

/* Begin PBXResourcesBuildPhase section */
		B3DDCFA7257CFE1400F1985C /* Resources */ = {
			isa = PBXResourcesBuildPhase;
			buildActionMask = 2147483647;
			files = (
				B3DDCFB4257CFE1800F1985C /* Preview Assets.xcassets in Resources */,
				B3DDCFB1257CFE1800F1985C /* Assets.xcassets in Resources */,
			);
			runOnlyForDeploymentPostprocessing = 0;
		};
/* End PBXResourcesBuildPhase section */

/* Begin PBXSourcesBuildPhase section */
		B3DDCFA5257CFE1400F1985C /* Sources */ = {
			isa = PBXSourcesBuildPhase;
			buildActionMask = 2147483647;
			files = (
				B3DDCFAF257CFE1400F1985C /* ContentView.swift in Sources */,
				B3DDCFCA257D007F00F1985C /* ItemView.swift in Sources */,
				B3DDCFC0257CFF8700F1985C /* Item.swift in Sources */,
				B3DDCFAD257CFE1400F1985C /* SmoothieHouseApp.swift in Sources */,
				B3DDCFC4257CFFF000F1985C /* Curve.swift in Sources */,
				B3DDCFC7257D004600F1985C /* ItemCurve.swift in Sources */,
				B3DDCFCD257D00E200F1985C /* Home.swift in Sources */,
			);
			runOnlyForDeploymentPostprocessing = 0;
		};
/* End PBXSourcesBuildPhase section */

/* Begin XCBuildConfiguration section */
		B3DDCFB6257CFE1800F1985C /* Debug */ = {
			isa = XCBuildConfiguration;
			buildSettings = {
				ALWAYS_SEARCH_USER_PATHS = NO;
				CLANG_ANALYZER_NONNULL = YES;
				CLANG_ANALYZER_NUMBER_OBJECT_CONVERSION = YES_AGGRESSIVE;
				CLANG_CXX_LANGUAGE_STANDARD = "gnu++14";
				CLANG_CXX_LIBRARY = "libc++";
				CLANG_ENABLE_MODULES = YES;
				CLANG_ENABLE_OBJC_ARC = YES;
				CLANG_ENABLE_OBJC_WEAK = YES;
				CLANG_WARN_BLOCK_CAPTURE_AUTORELEASING = YES;
				CLANG_WARN_BOOL_CONVERSION = YES;
				CLANG_WARN_COMMA = YES;
				CLANG_WARN_CONSTANT_CONVERSION = YES;
				CLANG_WARN_DEPRECATED_OBJC_IMPLEMENTATIONS = YES;
				CLANG_WARN_DIRECT_OBJC_ISA_USAGE = YES_ERROR;
				CLANG_WARN_DOCUMENTATION_COMMENTS = YES;
				CLANG_WARN_EMPTY_BODY = YES;
				CLANG_WARN_ENUM_CONVERSION = YES;
				CLANG_WARN_INFINITE_RECURSION = YES;
				CLANG_WARN_INT_CONVERSION = YES;
				CLANG_WARN_NON_LITERAL_NULL_CONVERSION = YES;
				CLANG_WARN_OBJC_IMPLICIT_RETAIN_SELF = YES;
				CLANG_WARN_OBJC_LITERAL_CONVERSION = YES;
				CLANG_WARN_OBJC_ROOT_CLASS = YES_ERROR;
				CLANG_WARN_QUOTED_INCLUDE_IN_FRAMEWORK_HEADER = YES;
				CLANG_WARN_RANGE_LOOP_ANALYSIS = YES;
				CLANG_WARN_STRICT_PROTOTYPES = YES;
				CLANG_WARN_SUSPICIOUS_MOVE = YES;
				CLANG_WARN_UNGUARDED_AVAILABILITY = YES_AGGRESSIVE;
				CLANG_WARN_UNREACHABLE_CODE = YES;
				CLANG_WARN__DUPLICATE_METHOD_MATCH = YES;
				COPY_PHASE_STRIP = NO;
				DEBUG_INFORMATION_FORMAT = dwarf;
				ENABLE_STRICT_OBJC_MSGSEND = YES;
				ENABLE_TESTABILITY = YES;
				GCC_C_LANGUAGE_STANDARD = gnu11;
				GCC_DYNAMIC_NO_PIC = NO;
				GCC_NO_COMMON_BLOCKS = YES;
				GCC_OPTIMIZATION_LEVEL = 0;
				GCC_PREPROCESSOR_DEFINITIONS = (
					"DEBUG=1",
					"$(inherited)",
				);
				GCC_WARN_64_TO_32_BIT_CONVERSION = YES;
				GCC_WARN_ABOUT_RETURN_TYPE = YES_ERROR;
				GCC_WARN_UNDECLARED_SELECTOR = YES;
				GCC_WARN_UNINITIALIZED_AUTOS = YES_AGGRESSIVE;
				GCC_WARN_UNUSED_FUNCTION = YES;
				GCC_WARN_UNUSED_VARIABLE = YES;
				IPHONEOS_DEPLOYMENT_TARGET = 14.2;
				MTL_ENABLE_DEBUG_INFO = INCLUDE_SOURCE;
				MTL_FAST_MATH = YES;
				ONLY_ACTIVE_ARCH = YES;
				SDKROOT = iphoneos;
				SWIFT_ACTIVE_COMPILATION_CONDITIONS = DEBUG;
				SWIFT_OPTIMIZATION_LEVEL = "-Onone";
			};
			name = Debug;
		};
		B3DDCFB7257CFE1800F1985C /* Release */ = {
			isa = XCBuildConfiguration;
			buildSettings = {
				ALWAYS_SEARCH_USER_PATHS = NO;
				CLANG_ANALYZER_NONNULL = YES;
				CLANG_ANALYZER_NUMBER_OBJECT_CONVERSION = YES_AGGRESSIVE;
				CLANG_CXX_LANGUAGE_STANDARD = "gnu++14";
				CLANG_CXX_LIBRARY = "libc++";
				CLANG_ENABLE_MODULES = YES;
				CLANG_ENABLE_OBJC_ARC = YES;
				CLANG_ENABLE_OBJC_WEAK = YES;
				CLANG_WARN_BLOCK_CAPTURE_AUTORELEASING = YES;
				CLANG_WARN_BOOL_CONVERSION = YES;
				CLANG_WARN_COMMA = YES;
				CLANG_WARN_CONSTANT_CONVERSION = YES;
				CLANG_WARN_DEPRECATED_OBJC_IMPLEMENTATIONS = YES;
				CLANG_WARN_DIRECT_OBJC_ISA_USAGE = YES_ERROR;
				CLANG_WARN_DOCUMENTATION_COMMENTS = YES;
				CLANG_WARN_EMPTY_BODY = YES;
				CLANG_WARN_ENUM_CONVERSION = YES;
				CLANG_WARN_INFINITE_RECURSION = YES;
				CLANG_WARN_INT_CONVERSION = YES;
				CLANG_WARN_NON_LITERAL_NULL_CONVERSION = YES;
				CLANG_WARN_OBJC_IMPLICIT_RETAIN_SELF = YES;
				CLANG_WARN_OBJC_LITERAL_CONVERSION = YES;
				CLANG_WARN_OBJC_ROOT_CLASS = YES_ERROR;
				CLANG_WARN_QUOTED_INCLUDE_IN_FRAMEWORK_HEADER = YES;
				CLANG_WARN_RANGE_LOOP_ANALYSIS = YES;
				CLANG_WARN_STRICT_PROTOTYPES = YES;
				CLANG_WARN_SUSPICIOUS_MOVE = YES;
				CLANG_WARN_UNGUARDED_AVAILABILITY = YES_AGGRESSIVE;
				CLANG_WARN_UNREACHABLE_CODE = YES;
				CLANG_WARN__DUPLICATE_METHOD_MATCH = YES;
				COPY_PHASE_STRIP = NO;
				DEBUG_INFORMATION_FORMAT = "dwarf-with-dsym";
				ENABLE_NS_ASSERTIONS = NO;
				ENABLE_STRICT_OBJC_MSGSEND = YES;
				GCC_C_LANGUAGE_STANDARD = gnu11;
				GCC_NO_COMMON_BLOCKS = YES;
				GCC_WARN_64_TO_32_BIT_CONVERSION = YES;
				GCC_WARN_ABOUT_RETURN_TYPE = YES_ERROR;
				GCC_WARN_UNDECLARED_SELECTOR = YES;
				GCC_WARN_UNINITIALIZED_AUTOS = YES_AGGRESSIVE;
				GCC_WARN_UNUSED_FUNCTION = YES;
				GCC_WARN_UNUSED_VARIABLE = YES;
				IPHONEOS_DEPLOYMENT_TARGET = 14.2;
				MTL_ENABLE_DEBUG_INFO = NO;
				MTL_FAST_MATH = YES;
				SDKROOT = iphoneos;
				SWIFT_COMPILATION_MODE = wholemodule;
				SWIFT_OPTIMIZATION_LEVEL = "-O";
				VALIDATE_PRODUCT = YES;
			};
			name = Release;
		};
		B3DDCFB9257CFE1800F1985C /* Debug */ = {
			isa = XCBuildConfiguration;
			buildSettings = {
				ASSETCATALOG_COMPILER_APPICON_NAME = AppIcon;
				ASSETCATALOG_COMPILER_GLOBAL_ACCENT_COLOR_NAME = AccentColor;
				CODE_SIGN_STYLE = Automatic;
				DEVELOPMENT_ASSET_PATHS = "\"SmoothieHouse/Preview Content\"";
				DEVELOPMENT_TEAM = 5WWX4FV258;
				ENABLE_PREVIEWS = YES;
				INFOPLIST_FILE = SmoothieHouse/Info.plist;
				IPHONEOS_DEPLOYMENT_TARGET = 14.0;
				LD_RUNPATH_SEARCH_PATHS = (
					"$(inherited)",
					"@executable_path/Frameworks",
				);
				PRODUCT_BUNDLE_IDENTIFIER = design.luannguyen.SmoothieHouse;
				PRODUCT_NAME = "$(TARGET_NAME)";
				SWIFT_VERSION = 5.0;
				TARGETED_DEVICE_FAMILY = "1,2";
			};
			name = Debug;
		};
		B3DDCFBA257CFE1800F1985C /* Release */ = {
			isa = XCBuildConfiguration;
			buildSettings = {
				ASSETCATALOG_COMPILER_APPICON_NAME = AppIcon;
				ASSETCATALOG_COMPILER_GLOBAL_ACCENT_COLOR_NAME = AccentColor;
				CODE_SIGN_STYLE = Automatic;
				DEVELOPMENT_ASSET_PATHS = "\"SmoothieHouse/Preview Content\"";
				DEVELOPMENT_TEAM = 5WWX4FV258;
				ENABLE_PREVIEWS = YES;
				INFOPLIST_FILE = SmoothieHouse/Info.plist;
				IPHONEOS_DEPLOYMENT_TARGET = 14.0;
				LD_RUNPATH_SEARCH_PATHS = (
					"$(inherited)",
					"@executable_path/Frameworks",
				);
				PRODUCT_BUNDLE_IDENTIFIER = design.luannguyen.SmoothieHouse;
				PRODUCT_NAME = "$(TARGET_NAME)";
				SWIFT_VERSION = 5.0;
				TARGETED_DEVICE_FAMILY = "1,2";
			};
			name = Release;
		};
/* End XCBuildConfiguration section */

/* Begin XCConfigurationList section */
		B3DDCFA4257CFE1400F1985C /* Build configuration list for PBXProject "SmoothieHouse" */ = {
			isa = XCConfigurationList;
			buildConfigurations = (
				B3DDCFB6257CFE1800F1985C /* Debug */,
				B3DDCFB7257CFE1800F1985C /* Release */,
			);
			defaultConfigurationIsVisible = 0;
			defaultConfigurationName = Release;
		};
		B3DDCFB8257CFE1800F1985C /* Build configuration list for PBXNativeTarget "SmoothieHouse" */ = {
			isa = XCConfigurationList;
			buildConfigurations = (
				B3DDCFB9257CFE1800F1985C /* Debug */,
				B3DDCFBA257CFE1800F1985C /* Release */,
			);
			defaultConfigurationIsVisible = 0;
			defaultConfigurationName = Release;
		};
/* End XCConfigurationList section */
	};
	rootObject = B3DDCFA1257CFE1400F1985C /* Project object */;
}
