// !$*UTF8*$!
{
	archiveVersion = 1;
	classes = {
	};
	objectVersion = 50;
	objects = {

/* Begin PBXBuildFile section */
		B3DDCEB8257CCD8600F1985C /* CalorieApp.swift in Sources */ = {isa = PBXBuildFile; fileRef = B3DDCEB7257CCD8600F1985C /* CalorieApp.swift */; };
		B3DDCEBA257CCD8600F1985C /* ContentView.swift in Sources */ = {isa = PBXBuildFile; fileRef = B3DDCEB9257CCD8600F1985C /* ContentView.swift */; };
		B3DDCEBC257CCD8A00F1985C /* Assets.xcassets in Resources */ = {isa = PBXBuildFile; fileRef = B3DDCEBB257CCD8A00F1985C /* Assets.xcassets */; };
		B3DDCEBF257CCD8A00F1985C /* Preview Assets.xcassets in Resources */ = {isa = PBXBuildFile; fileRef = B3DDCEBE257CCD8A00F1985C /* Preview Assets.xcassets */; };
		B3DDCECB257CCE1C00F1985C /* Gender.swift in Sources */ = {isa = PBXBuildFile; fileRef = B3DDCECA257CCE1C00F1985C /* Gender.swift */; };
		B3DDCECF257CCE2E00F1985C /* CalorieModel.swift in Sources */ = {isa = PBXBuildFile; fileRef = B3DDCECE257CCE2E00F1985C /* CalorieModel.swift */; };
		B3DDCED2257CCE7A00F1985C /* WeightCard.swift in Sources */ = {isa = PBXBuildFile; fileRef = B3DDCED1257CCE7A00F1985C /* WeightCard.swift */; };
		B3DDCED6257CCEDE00F1985C /* TitleCard.swift in Sources */ = {isa = PBXBuildFile; fileRef = B3DDCED5257CCEDE00F1985C /* TitleCard.swift */; };
		B3DDCEDA257CCF1200F1985C /* ResultCard.swift in Sources */ = {isa = PBXBuildFile; fileRef = B3DDCED9257CCF1100F1985C /* ResultCard.swift */; };
		B3DDCEDD257CCF5800F1985C /* HeightCard.swift in Sources */ = {isa = PBXBuildFile; fileRef = B3DDCEDC257CCF5800F1985C /* HeightCard.swift */; };
		B3DDCEE0257CCF9400F1985C /* GenderCard.swift in Sources */ = {isa = PBXBuildFile; fileRef = B3DDCEDF257CCF9400F1985C /* GenderCard.swift */; };
		B3DDCEE3257CD01C00F1985C /* AgeCard.swift in Sources */ = {isa = PBXBuildFile; fileRef = B3DDCEE2257CD01C00F1985C /* AgeCard.swift */; };
		B3DDCEE6257CD06600F1985C /* CardBackground.swift in Sources */ = {isa = PBXBuildFile; fileRef = B3DDCEE5257CD06600F1985C /* CardBackground.swift */; };
		B3DDCEE9257CD08400F1985C /* CalculateButton.swift in Sources */ = {isa = PBXBuildFile; fileRef = B3DDCEE8257CD08400F1985C /* CalculateButton.swift */; };
		B3DDCEEC257CD0AA00F1985C /* CardLabel.swift in Sources */ = {isa = PBXBuildFile; fileRef = B3DDCEEB257CD0AA00F1985C /* CardLabel.swift */; };
		B3DDCEEF257CD0CE00F1985C /* NextButton.swift in Sources */ = {isa = PBXBuildFile; fileRef = B3DDCEEE257CD0CE00F1985C /* NextButton.swift */; };
		B3DDCEF2257CD0F100F1985C /* SliderValue.swift in Sources */ = {isa = PBXBuildFile; fileRef = B3DDCEF1257CD0F100F1985C /* SliderValue.swift */; };
/* End PBXBuildFile section */

/* Begin PBXFileReference section */
		B3DDCEB4257CCD8600F1985C /* Calorie.app */ = {isa = PBXFileReference; explicitFileType = wrapper.application; includeInIndex = 0; path = Calorie.app; sourceTree = BUILT_PRODUCTS_DIR; };
		B3DDCEB7257CCD8600F1985C /* CalorieApp.swift */ = {isa = PBXFileReference; lastKnownFileType = sourcecode.swift; path = CalorieApp.swift; sourceTree = "<group>"; };
		B3DDCEB9257CCD8600F1985C /* ContentView.swift */ = {isa = PBXFileReference; lastKnownFileType = sourcecode.swift; path = ContentView.swift; sourceTree = "<group>"; };
		B3DDCEBB257CCD8A00F1985C /* Assets.xcassets */ = {isa = PBXFileReference; lastKnownFileType = folder.assetcatalog; path = Assets.xcassets; sourceTree = "<group>"; };
		B3DDCEBE257CCD8A00F1985C /* Preview Assets.xcassets */ = {isa = PBXFileReference; lastKnownFileType = folder.assetcatalog; path = "Preview Assets.xcassets"; sourceTree = "<group>"; };
		B3DDCEC0257CCD8A00F1985C /* Info.plist */ = {isa = PBXFileReference; lastKnownFileType = text.plist.xml; path = Info.plist; sourceTree = "<group>"; };
		B3DDCECA257CCE1C00F1985C /* Gender.swift */ = {isa = PBXFileReference; lastKnownFileType = sourcecode.swift; path = Gender.swift; sourceTree = "<group>"; };
		B3DDCECE257CCE2E00F1985C /* CalorieModel.swift */ = {isa = PBXFileReference; lastKnownFileType = sourcecode.swift; path = CalorieModel.swift; sourceTree = "<group>"; };
		B3DDCED1257CCE7A00F1985C /* WeightCard.swift */ = {isa = PBXFileReference; lastKnownFileType = sourcecode.swift; path = WeightCard.swift; sourceTree = "<group>"; };
		B3DDCED5257CCEDE00F1985C /* TitleCard.swift */ = {isa = PBXFileReference; lastKnownFileType = sourcecode.swift; path = TitleCard.swift; sourceTree = "<group>"; };
		B3DDCED9257CCF1100F1985C /* ResultCard.swift */ = {isa = PBXFileReference; lastKnownFileType = sourcecode.swift; path = ResultCard.swift; sourceTree = "<group>"; };
		B3DDCEDC257CCF5800F1985C /* HeightCard.swift */ = {isa = PBXFileReference; lastKnownFileType = sourcecode.swift; path = HeightCard.swift; sourceTree = "<group>"; };
		B3DDCEDF257CCF9400F1985C /* GenderCard.swift */ = {isa = PBXFileReference; lastKnownFileType = sourcecode.swift; path = GenderCard.swift; sourceTree = "<group>"; };
		B3DDCEE2257CD01C00F1985C /* AgeCard.swift */ = {isa = PBXFileReference; lastKnownFileType = sourcecode.swift; path = AgeCard.swift; sourceTree = "<group>"; };
		B3DDCEE5257CD06600F1985C /* CardBackground.swift */ = {isa = PBXFileReference; lastKnownFileType = sourcecode.swift; path = CardBackground.swift; sourceTree = "<group>"; };
		B3DDCEE8257CD08400F1985C /* CalculateButton.swift */ = {isa = PBXFileReference; lastKnownFileType = sourcecode.swift; path = CalculateButton.swift; sourceTree = "<group>"; };
		B3DDCEEB257CD0AA00F1985C /* CardLabel.swift */ = {isa = PBXFileReference; lastKnownFileType = sourcecode.swift; path = CardLabel.swift; sourceTree = "<group>"; };
		B3DDCEEE257CD0CE00F1985C /* NextButton.swift */ = {isa = PBXFileReference; lastKnownFileType = sourcecode.swift; path = NextButton.swift; sourceTree = "<group>"; };
		B3DDCEF1257CD0F100F1985C /* SliderValue.swift */ = {isa = PBXFileReference; lastKnownFileType = sourcecode.swift; path = SliderValue.swift; sourceTree = "<group>"; };
/* End PBXFileReference section */

/* Begin PBXFrameworksBuildPhase section */
		B3DDCEB1257CCD8600F1985C /* Frameworks */ = {
			isa = PBXFrameworksBuildPhase;
			buildActionMask = 2147483647;
			files = (
			);
			runOnlyForDeploymentPostprocessing = 0;
		};
/* End PBXFrameworksBuildPhase section */

/* Begin PBXGroup section */
		B3DDCEAB257CCD8600F1985C = {
			isa = PBXGroup;
			children = (
				B3DDCEB6257CCD8600F1985C /* Calorie */,
				B3DDCEB5257CCD8600F1985C /* Products */,
			);
			sourceTree = "<group>";
		};
		B3DDCEB5257CCD8600F1985C /* Products */ = {
			isa = PBXGroup;
			children = (
				B3DDCEB4257CCD8600F1985C /* Calorie.app */,
			);
			name = Products;
			sourceTree = "<group>";
		};
		B3DDCEB6257CCD8600F1985C /* Calorie */ = {
			isa = PBXGroup;
			children = (
				B3DDCEC8257CCDDE00F1985C /* View */,
				B3DDCEC7257CCDD900F1985C /* Model */,
				B3DDCEB7257CCD8600F1985C /* CalorieApp.swift */,
				B3DDCEBB257CCD8A00F1985C /* Assets.xcassets */,
				B3DDCEC0257CCD8A00F1985C /* Info.plist */,
				B3DDCEBD257CCD8A00F1985C /* Preview Content */,
			);
			path = Calorie;
			sourceTree = "<group>";
		};
		B3DDCEBD257CCD8A00F1985C /* Preview Content */ = {
			isa = PBXGroup;
			children = (
				B3DDCEBE257CCD8A00F1985C /* Preview Assets.xcassets */,
			);
			path = "Preview Content";
			sourceTree = "<group>";
		};
		B3DDCEC7257CCDD900F1985C /* Model */ = {
			isa = PBXGroup;
			children = (
				B3DDCECA257CCE1C00F1985C /* Gender.swift */,
				B3DDCECE257CCE2E00F1985C /* CalorieModel.swift */,
			);
			path = Model;
			sourceTree = "<group>";
		};
		B3DDCEC8257CCDDE00F1985C /* View */ = {
			isa = PBXGroup;
			children = (
				B3DDCED4257CCEC600F1985C /* Components */,
				B3DDCEB9257CCD8600F1985C /* ContentView.swift */,
				B3DDCED1257CCE7A00F1985C /* WeightCard.swift */,
				B3DDCED5257CCEDE00F1985C /* TitleCard.swift */,
				B3DDCED9257CCF1100F1985C /* ResultCard.swift */,
				B3DDCEDC257CCF5800F1985C /* HeightCard.swift */,
				B3DDCEDF257CCF9400F1985C /* GenderCard.swift */,
				B3DDCEE2257CD01C00F1985C /* AgeCard.swift */,
			);
			path = View;
			sourceTree = "<group>";
		};
		B3DDCED4257CCEC600F1985C /* Components */ = {
			isa = PBXGroup;
			children = (
				B3DDCEE5257CD06600F1985C /* CardBackground.swift */,
				B3DDCEE8257CD08400F1985C /* CalculateButton.swift */,
				B3DDCEEB257CD0AA00F1985C /* CardLabel.swift */,
				B3DDCEEE257CD0CE00F1985C /* NextButton.swift */,
				B3DDCEF1257CD0F100F1985C /* SliderValue.swift */,
			);
			path = Components;
			sourceTree = "<group>";
		};
/* End PBXGroup section */

/* Begin PBXNativeTarget section */
		B3DDCEB3257CCD8600F1985C /* Calorie */ = {
			isa = PBXNativeTarget;
			buildConfigurationList = B3DDCEC3257CCD8A00F1985C /* Build configuration list for PBXNativeTarget "Calorie" */;
			buildPhases = (
				B3DDCEB0257CCD8600F1985C /* Sources */,
				B3DDCEB1257CCD8600F1985C /* Frameworks */,
				B3DDCEB2257CCD8600F1985C /* Resources */,
			);
			buildRules = (
			);
			dependencies = (
			);
			name = Calorie;
			productName = Calorie;
			productReference = B3DDCEB4257CCD8600F1985C /* Calorie.app */;
			productType = "com.apple.product-type.application";
		};
/* End PBXNativeTarget section */

/* Begin PBXProject section */
		B3DDCEAC257CCD8600F1985C /* Project object */ = {
			isa = PBXProject;
			attributes = {
				LastSwiftUpdateCheck = 1220;
				LastUpgradeCheck = 1220;
				TargetAttributes = {
					B3DDCEB3257CCD8600F1985C = {
						CreatedOnToolsVersion = 12.2;
					};
				};
			};
			buildConfigurationList = B3DDCEAF257CCD8600F1985C /* Build configuration list for PBXProject "Calorie" */;
			compatibilityVersion = "Xcode 9.3";
			developmentRegion = en;
			hasScannedForEncodings = 0;
			knownRegions = (
				en,
				Base,
			);
			mainGroup = B3DDCEAB257CCD8600F1985C;
			productRefGroup = B3DDCEB5257CCD8600F1985C /* Products */;
			projectDirPath = "";
			projectRoot = "";
			targets = (
				B3DDCEB3257CCD8600F1985C /* Calorie */,
			);
		};
/* End PBXProject section */

/* Begin PBXResourcesBuildPhase section */
		B3DDCEB2257CCD8600F1985C /* Resources */ = {
			isa = PBXResourcesBuildPhase;
			buildActionMask = 2147483647;
			files = (
				B3DDCEBF257CCD8A00F1985C /* Preview Assets.xcassets in Resources */,
				B3DDCEBC257CCD8A00F1985C /* Assets.xcassets in Resources */,
			);
			runOnlyForDeploymentPostprocessing = 0;
		};
/* End PBXResourcesBuildPhase section */

/* Begin PBXSourcesBuildPhase section */
		B3DDCEB0257CCD8600F1985C /* Sources */ = {
			isa = PBXSourcesBuildPhase;
			buildActionMask = 2147483647;
			files = (
				B3DDCEEC257CD0AA00F1985C /* CardLabel.swift in Sources */,
				B3DDCECB257CCE1C00F1985C /* Gender.swift in Sources */,
				B3DDCEDA257CCF1200F1985C /* ResultCard.swift in Sources */,
				B3DDCEE0257CCF9400F1985C /* GenderCard.swift in Sources */,
				B3DDCEF2257CD0F100F1985C /* SliderValue.swift in Sources */,
				B3DDCEE3257CD01C00F1985C /* AgeCard.swift in Sources */,
				B3DDCECF257CCE2E00F1985C /* CalorieModel.swift in Sources */,
				B3DDCED6257CCEDE00F1985C /* TitleCard.swift in Sources */,
				B3DDCED2257CCE7A00F1985C /* WeightCard.swift in Sources */,
				B3DDCEBA257CCD8600F1985C /* ContentView.swift in Sources */,
				B3DDCEE6257CD06600F1985C /* CardBackground.swift in Sources */,
				B3DDCEDD257CCF5800F1985C /* HeightCard.swift in Sources */,
				B3DDCEE9257CD08400F1985C /* CalculateButton.swift in Sources */,
				B3DDCEEF257CD0CE00F1985C /* NextButton.swift in Sources */,
				B3DDCEB8257CCD8600F1985C /* CalorieApp.swift in Sources */,
			);
			runOnlyForDeploymentPostprocessing = 0;
		};
/* End PBXSourcesBuildPhase section */

/* Begin XCBuildConfiguration section */
		B3DDCEC1257CCD8A00F1985C /* Debug */ = {
			isa = XCBuildConfiguration;
			buildSettings = {
				ALWAYS_SEARCH_USER_PATHS = NO;
				CLANG_ANALYZER_NONNULL = YES;
				CLANG_ANALYZER_NUMBER_OBJECT_CONVERSION = YES_AGGRESSIVE;
				CLANG_CXX_LANGUAGE_STANDARD = "gnu++14";
				CLANG_CXX_LIBRARY = "libc++";
				CLANG_ENABLE_MODULES = YES;
				CLANG_ENABLE_OBJC_ARC = YES;
				CLANG_ENABLE_OBJC_WEAK = YES;
				CLANG_WARN_BLOCK_CAPTURE_AUTORELEASING = YES;
				CLANG_WARN_BOOL_CONVERSION = YES;
				CLANG_WARN_COMMA = YES;
				CLANG_WARN_CONSTANT_CONVERSION = YES;
				CLANG_WARN_DEPRECATED_OBJC_IMPLEMENTATIONS = YES;
				CLANG_WARN_DIRECT_OBJC_ISA_USAGE = YES_ERROR;
				CLANG_WARN_DOCUMENTATION_COMMENTS = YES;
				CLANG_WARN_EMPTY_BODY = YES;
				CLANG_WARN_ENUM_CONVERSION = YES;
				CLANG_WARN_INFINITE_RECURSION = YES;
				CLANG_WARN_INT_CONVERSION = YES;
				CLANG_WARN_NON_LITERAL_NULL_CONVERSION = YES;
				CLANG_WARN_OBJC_IMPLICIT_RETAIN_SELF = YES;
				CLANG_WARN_OBJC_LITERAL_CONVERSION = YES;
				CLANG_WARN_OBJC_ROOT_CLASS = YES_ERROR;
				CLANG_WARN_QUOTED_INCLUDE_IN_FRAMEWORK_HEADER = YES;
				CLANG_WARN_RANGE_LOOP_ANALYSIS = YES;
				CLANG_WARN_STRICT_PROTOTYPES = YES;
				CLANG_WARN_SUSPICIOUS_MOVE = YES;
				CLANG_WARN_UNGUARDED_AVAILABILITY = YES_AGGRESSIVE;
				CLANG_WARN_UNREACHABLE_CODE = YES;
				CLANG_WARN__DUPLICATE_METHOD_MATCH = YES;
				COPY_PHASE_STRIP = NO;
				DEBUG_INFORMATION_FORMAT = dwarf;
				ENABLE_STRICT_OBJC_MSGSEND = YES;
				ENABLE_TESTABILITY = YES;
				GCC_C_LANGUAGE_STANDARD = gnu11;
				GCC_DYNAMIC_NO_PIC = NO;
				GCC_NO_COMMON_BLOCKS = YES;
				GCC_OPTIMIZATION_LEVEL = 0;
				GCC_PREPROCESSOR_DEFINITIONS = (
					"DEBUG=1",
					"$(inherited)",
				);
				GCC_WARN_64_TO_32_BIT_CONVERSION = YES;
				GCC_WARN_ABOUT_RETURN_TYPE = YES_ERROR;
				GCC_WARN_UNDECLARED_SELECTOR = YES;
				GCC_WARN_UNINITIALIZED_AUTOS = YES_AGGRESSIVE;
				GCC_WARN_UNUSED_FUNCTION = YES;
				GCC_WARN_UNUSED_VARIABLE = YES;
				IPHONEOS_DEPLOYMENT_TARGET = 14.2;
				MTL_ENABLE_DEBUG_INFO = INCLUDE_SOURCE;
				MTL_FAST_MATH = YES;
				ONLY_ACTIVE_ARCH = YES;
				SDKROOT = iphoneos;
				SWIFT_ACTIVE_COMPILATION_CONDITIONS = DEBUG;
				SWIFT_OPTIMIZATION_LEVEL = "-Onone";
			};
			name = Debug;
		};
		B3DDCEC2257CCD8A00F1985C /* Release */ = {
			isa = XCBuildConfiguration;
			buildSettings = {
				ALWAYS_SEARCH_USER_PATHS = NO;
				CLANG_ANALYZER_NONNULL = YES;
				CLANG_ANALYZER_NUMBER_OBJECT_CONVERSION = YES_AGGRESSIVE;
				CLANG_CXX_LANGUAGE_STANDARD = "gnu++14";
				CLANG_CXX_LIBRARY = "libc++";
				CLANG_ENABLE_MODULES = YES;
				CLANG_ENABLE_OBJC_ARC = YES;
				CLANG_ENABLE_OBJC_WEAK = YES;
				CLANG_WARN_BLOCK_CAPTURE_AUTORELEASING = YES;
				CLANG_WARN_BOOL_CONVERSION = YES;
				CLANG_WARN_COMMA = YES;
				CLANG_WARN_CONSTANT_CONVERSION = YES;
				CLANG_WARN_DEPRECATED_OBJC_IMPLEMENTATIONS = YES;
				CLANG_WARN_DIRECT_OBJC_ISA_USAGE = YES_ERROR;
				CLANG_WARN_DOCUMENTATION_COMMENTS = YES;
				CLANG_WARN_EMPTY_BODY = YES;
				CLANG_WARN_ENUM_CONVERSION = YES;
				CLANG_WARN_INFINITE_RECURSION = YES;
				CLANG_WARN_INT_CONVERSION = YES;
				CLANG_WARN_NON_LITERAL_NULL_CONVERSION = YES;
				CLANG_WARN_OBJC_IMPLICIT_RETAIN_SELF = YES;
				CLANG_WARN_OBJC_LITERAL_CONVERSION = YES;
				CLANG_WARN_OBJC_ROOT_CLASS = YES_ERROR;
				CLANG_WARN_QUOTED_INCLUDE_IN_FRAMEWORK_HEADER = YES;
				CLANG_WARN_RANGE_LOOP_ANALYSIS = YES;
				CLANG_WARN_STRICT_PROTOTYPES = YES;
				CLANG_WARN_SUSPICIOUS_MOVE = YES;
				CLANG_WARN_UNGUARDED_AVAILABILITY = YES_AGGRESSIVE;
				CLANG_WARN_UNREACHABLE_CODE = YES;
				CLANG_WARN__DUPLICATE_METHOD_MATCH = YES;
				COPY_PHASE_STRIP = NO;
				DEBUG_INFORMATION_FORMAT = "dwarf-with-dsym";
				ENABLE_NS_ASSERTIONS = NO;
				ENABLE_STRICT_OBJC_MSGSEND = YES;
				GCC_C_LANGUAGE_STANDARD = gnu11;
				GCC_NO_COMMON_BLOCKS = YES;
				GCC_WARN_64_TO_32_BIT_CONVERSION = YES;
				GCC_WARN_ABOUT_RETURN_TYPE = YES_ERROR;
				GCC_WARN_UNDECLARED_SELECTOR = YES;
				GCC_WARN_UNINITIALIZED_AUTOS = YES_AGGRESSIVE;
				GCC_WARN_UNUSED_FUNCTION = YES;
				GCC_WARN_UNUSED_VARIABLE = YES;
				IPHONEOS_DEPLOYMENT_TARGET = 14.2;
				MTL_ENABLE_DEBUG_INFO = NO;
				MTL_FAST_MATH = YES;
				SDKROOT = iphoneos;
				SWIFT_COMPILATION_MODE = wholemodule;
				SWIFT_OPTIMIZATION_LEVEL = "-O";
				VALIDATE_PRODUCT = YES;
			};
			name = Release;
		};
		B3DDCEC4257CCD8A00F1985C /* Debug */ = {
			isa = XCBuildConfiguration;
			buildSettings = {
				ASSETCATALOG_COMPILER_APPICON_NAME = AppIcon;
				ASSETCATALOG_COMPILER_GLOBAL_ACCENT_COLOR_NAME = AccentColor;
				CODE_SIGN_STYLE = Automatic;
				DEVELOPMENT_ASSET_PATHS = "\"Calorie/Preview Content\"";
				DEVELOPMENT_TEAM = 5WWX4FV258;
				ENABLE_PREVIEWS = YES;
				INFOPLIST_FILE = Calorie/Info.plist;
				IPHONEOS_DEPLOYMENT_TARGET = 14.0;
				LD_RUNPATH_SEARCH_PATHS = (
					"$(inherited)",
					"@executable_path/Frameworks",
				);
				PRODUCT_BUNDLE_IDENTIFIER = design.luannguyen.Calorie;
				PRODUCT_NAME = "$(TARGET_NAME)";
				SWIFT_VERSION = 5.0;
				TARGETED_DEVICE_FAMILY = "1,2";
			};
			name = Debug;
		};
		B3DDCEC5257CCD8A00F1985C /* Release */ = {
			isa = XCBuildConfiguration;
			buildSettings = {
				ASSETCATALOG_COMPILER_APPICON_NAME = AppIcon;
				ASSETCATALOG_COMPILER_GLOBAL_ACCENT_COLOR_NAME = AccentColor;
				CODE_SIGN_STYLE = Automatic;
				DEVELOPMENT_ASSET_PATHS = "\"Calorie/Preview Content\"";
				DEVELOPMENT_TEAM = 5WWX4FV258;
				ENABLE_PREVIEWS = YES;
				INFOPLIST_FILE = Calorie/Info.plist;
				IPHONEOS_DEPLOYMENT_TARGET = 14.0;
				LD_RUNPATH_SEARCH_PATHS = (
					"$(inherited)",
					"@executable_path/Frameworks",
				);
				PRODUCT_BUNDLE_IDENTIFIER = design.luannguyen.Calorie;
				PRODUCT_NAME = "$(TARGET_NAME)";
				SWIFT_VERSION = 5.0;
				TARGETED_DEVICE_FAMILY = "1,2";
			};
			name = Release;
		};
/* End XCBuildConfiguration section */

/* Begin XCConfigurationList section */
		B3DDCEAF257CCD8600F1985C /* Build configuration list for PBXProject "Calorie" */ = {
			isa = XCConfigurationList;
			buildConfigurations = (
				B3DDCEC1257CCD8A00F1985C /* Debug */,
				B3DDCEC2257CCD8A00F1985C /* Release */,
			);
			defaultConfigurationIsVisible = 0;
			defaultConfigurationName = Release;
		};
		B3DDCEC3257CCD8A00F1985C /* Build configuration list for PBXNativeTarget "Calorie" */ = {
			isa = XCConfigurationList;
			buildConfigurations = (
				B3DDCEC4257CCD8A00F1985C /* Debug */,
				B3DDCEC5257CCD8A00F1985C /* Release */,
			);
			defaultConfigurationIsVisible = 0;
			defaultConfigurationName = Release;
		};
/* End XCConfigurationList section */
	};
	rootObject = B3DDCEAC257CCD8600F1985C /* Project object */;
}
