// !$*UTF8*$!
{
	archiveVersion = 1;
	classes = {
	};
	objectVersion = 50;
	objects = {

/* Begin PBXBuildFile section */
		B3265CF02581B8890031D76E /* AppleMapBottomSheetApp.swift in Sources */ = {isa = PBXBuildFile; fileRef = B3265CEF2581B8890031D76E /* AppleMapBottomSheetApp.swift */; };
		B3265CF22581B8890031D76E /* ContentView.swift in Sources */ = {isa = PBXBuildFile; fileRef = B3265CF12581B8890031D76E /* ContentView.swift */; };
		B3265CF42581B88E0031D76E /* Assets.xcassets in Resources */ = {isa = PBXBuildFile; fileRef = B3265CF32581B88E0031D76E /* Assets.xcassets */; };
		B3265CF72581B88E0031D76E /* Preview Assets.xcassets in Resources */ = {isa = PBXBuildFile; fileRef = B3265CF62581B88E0031D76E /* Preview Assets.xcassets */; };
		B3265D022581B9BE0031D76E /* Home.swift in Sources */ = {isa = PBXBuildFile; fileRef = B3265D012581B9BE0031D76E /* Home.swift */; };
		B3265D062581BB300031D76E /* BottomSheet.swift in Sources */ = {isa = PBXBuildFile; fileRef = B3265D052581BB300031D76E /* BottomSheet.swift */; };
		B3265D0A2581BB550031D76E /* BlurView.swift in Sources */ = {isa = PBXBuildFile; fileRef = B3265D092581BB550031D76E /* BlurView.swift */; };
/* End PBXBuildFile section */

/* Begin PBXFileReference section */
		B3265CEC2581B8890031D76E /* AppleMapBottomSheet.app */ = {isa = PBXFileReference; explicitFileType = wrapper.application; includeInIndex = 0; path = AppleMapBottomSheet.app; sourceTree = BUILT_PRODUCTS_DIR; };
		B3265CEF2581B8890031D76E /* AppleMapBottomSheetApp.swift */ = {isa = PBXFileReference; lastKnownFileType = sourcecode.swift; path = AppleMapBottomSheetApp.swift; sourceTree = "<group>"; };
		B3265CF12581B8890031D76E /* ContentView.swift */ = {isa = PBXFileReference; lastKnownFileType = sourcecode.swift; path = ContentView.swift; sourceTree = "<group>"; };
		B3265CF32581B88E0031D76E /* Assets.xcassets */ = {isa = PBXFileReference; lastKnownFileType = folder.assetcatalog; path = Assets.xcassets; sourceTree = "<group>"; };
		B3265CF62581B88E0031D76E /* Preview Assets.xcassets */ = {isa = PBXFileReference; lastKnownFileType = folder.assetcatalog; path = "Preview Assets.xcassets"; sourceTree = "<group>"; };
		B3265CF82581B88E0031D76E /* Info.plist */ = {isa = PBXFileReference; lastKnownFileType = text.plist.xml; path = Info.plist; sourceTree = "<group>"; };
		B3265D012581B9BE0031D76E /* Home.swift */ = {isa = PBXFileReference; lastKnownFileType = sourcecode.swift; path = Home.swift; sourceTree = "<group>"; };
		B3265D052581BB300031D76E /* BottomSheet.swift */ = {isa = PBXFileReference; lastKnownFileType = sourcecode.swift; path = BottomSheet.swift; sourceTree = "<group>"; };
		B3265D092581BB550031D76E /* BlurView.swift */ = {isa = PBXFileReference; lastKnownFileType = sourcecode.swift; path = BlurView.swift; sourceTree = "<group>"; };
/* End PBXFileReference section */

/* Begin PBXFrameworksBuildPhase section */
		B3265CE92581B8890031D76E /* Frameworks */ = {
			isa = PBXFrameworksBuildPhase;
			buildActionMask = 2147483647;
			files = (
			);
			runOnlyForDeploymentPostprocessing = 0;
		};
/* End PBXFrameworksBuildPhase section */

/* Begin PBXGroup section */
		B3265CE32581B8890031D76E = {
			isa = PBXGroup;
			children = (
				B3265CEE2581B8890031D76E /* AppleMapBottomSheet */,
				B3265CED2581B8890031D76E /* Products */,
			);
			sourceTree = "<group>";
		};
		B3265CED2581B8890031D76E /* Products */ = {
			isa = PBXGroup;
			children = (
				B3265CEC2581B8890031D76E /* AppleMapBottomSheet.app */,
			);
			name = Products;
			sourceTree = "<group>";
		};
		B3265CEE2581B8890031D76E /* AppleMapBottomSheet */ = {
			isa = PBXGroup;
			children = (
				B3265D082581BB4A0031D76E /* Styles */,
				B3265D002581B9AE0031D76E /* Views */,
				B3265CEF2581B8890031D76E /* AppleMapBottomSheetApp.swift */,
				B3265CF32581B88E0031D76E /* Assets.xcassets */,
				B3265CF82581B88E0031D76E /* Info.plist */,
				B3265CF52581B88E0031D76E /* Preview Content */,
			);
			path = AppleMapBottomSheet;
			sourceTree = "<group>";
		};
		B3265CF52581B88E0031D76E /* Preview Content */ = {
			isa = PBXGroup;
			children = (
				B3265CF62581B88E0031D76E /* Preview Assets.xcassets */,
			);
			path = "Preview Content";
			sourceTree = "<group>";
		};
		B3265D002581B9AE0031D76E /* Views */ = {
			isa = PBXGroup;
			children = (
				B3265CF12581B8890031D76E /* ContentView.swift */,
				B3265D012581B9BE0031D76E /* Home.swift */,
				B3265D052581BB300031D76E /* BottomSheet.swift */,
			);
			path = Views;
			sourceTree = "<group>";
		};
		B3265D082581BB4A0031D76E /* Styles */ = {
			isa = PBXGroup;
			children = (
				B3265D092581BB550031D76E /* BlurView.swift */,
			);
			path = Styles;
			sourceTree = "<group>";
		};
/* End PBXGroup section */

/* Begin PBXNativeTarget section */
		B3265CEB2581B8890031D76E /* AppleMapBottomSheet */ = {
			isa = PBXNativeTarget;
			buildConfigurationList = B3265CFB2581B88E0031D76E /* Build configuration list for PBXNativeTarget "AppleMapBottomSheet" */;
			buildPhases = (
				B3265CE82581B8890031D76E /* Sources */,
				B3265CE92581B8890031D76E /* Frameworks */,
				B3265CEA2581B8890031D76E /* Resources */,
			);
			buildRules = (
			);
			dependencies = (
			);
			name = AppleMapBottomSheet;
			productName = AppleMapBottomSheet;
			productReference = B3265CEC2581B8890031D76E /* AppleMapBottomSheet.app */;
			productType = "com.apple.product-type.application";
		};
/* End PBXNativeTarget section */

/* Begin PBXProject section */
		B3265CE42581B8890031D76E /* Project object */ = {
			isa = PBXProject;
			attributes = {
				LastSwiftUpdateCheck = 1220;
				LastUpgradeCheck = 1220;
				TargetAttributes = {
					B3265CEB2581B8890031D76E = {
						CreatedOnToolsVersion = 12.2;
					};
				};
			};
			buildConfigurationList = B3265CE72581B8890031D76E /* Build configuration list for PBXProject "AppleMapBottomSheet" */;
			compatibilityVersion = "Xcode 9.3";
			developmentRegion = en;
			hasScannedForEncodings = 0;
			knownRegions = (
				en,
				Base,
			);
			mainGroup = B3265CE32581B8890031D76E;
			productRefGroup = B3265CED2581B8890031D76E /* Products */;
			projectDirPath = "";
			projectRoot = "";
			targets = (
				B3265CEB2581B8890031D76E /* AppleMapBottomSheet */,
			);
		};
/* End PBXProject section */

/* Begin PBXResourcesBuildPhase section */
		B3265CEA2581B8890031D76E /* Resources */ = {
			isa = PBXResourcesBuildPhase;
			buildActionMask = 2147483647;
			files = (
				B3265CF72581B88E0031D76E /* Preview Assets.xcassets in Resources */,
				B3265CF42581B88E0031D76E /* Assets.xcassets in Resources */,
			);
			runOnlyForDeploymentPostprocessing = 0;
		};
/* End PBXResourcesBuildPhase section */

/* Begin PBXSourcesBuildPhase section */
		B3265CE82581B8890031D76E /* Sources */ = {
			isa = PBXSourcesBuildPhase;
			buildActionMask = 2147483647;
			files = (
				B3265CF22581B8890031D76E /* ContentView.swift in Sources */,
				B3265D022581B9BE0031D76E /* Home.swift in Sources */,
				B3265D0A2581BB550031D76E /* BlurView.swift in Sources */,
				B3265D062581BB300031D76E /* BottomSheet.swift in Sources */,
				B3265CF02581B8890031D76E /* AppleMapBottomSheetApp.swift in Sources */,
			);
			runOnlyForDeploymentPostprocessing = 0;
		};
/* End PBXSourcesBuildPhase section */

/* Begin XCBuildConfiguration section */
		B3265CF92581B88E0031D76E /* Debug */ = {
			isa = XCBuildConfiguration;
			buildSettings = {
				ALWAYS_SEARCH_USER_PATHS = NO;
				CLANG_ANALYZER_NONNULL = YES;
				CLANG_ANALYZER_NUMBER_OBJECT_CONVERSION = YES_AGGRESSIVE;
				CLANG_CXX_LANGUAGE_STANDARD = "gnu++14";
				CLANG_CXX_LIBRARY = "libc++";
				CLANG_ENABLE_MODULES = YES;
				CLANG_ENABLE_OBJC_ARC = YES;
				CLANG_ENABLE_OBJC_WEAK = YES;
				CLANG_WARN_BLOCK_CAPTURE_AUTORELEASING = YES;
				CLANG_WARN_BOOL_CONVERSION = YES;
				CLANG_WARN_COMMA = YES;
				CLANG_WARN_CONSTANT_CONVERSION = YES;
				CLANG_WARN_DEPRECATED_OBJC_IMPLEMENTATIONS = YES;
				CLANG_WARN_DIRECT_OBJC_ISA_USAGE = YES_ERROR;
				CLANG_WARN_DOCUMENTATION_COMMENTS = YES;
				CLANG_WARN_EMPTY_BODY = YES;
				CLANG_WARN_ENUM_CONVERSION = YES;
				CLANG_WARN_INFINITE_RECURSION = YES;
				CLANG_WARN_INT_CONVERSION = YES;
				CLANG_WARN_NON_LITERAL_NULL_CONVERSION = YES;
				CLANG_WARN_OBJC_IMPLICIT_RETAIN_SELF = YES;
				CLANG_WARN_OBJC_LITERAL_CONVERSION = YES;
				CLANG_WARN_OBJC_ROOT_CLASS = YES_ERROR;
				CLANG_WARN_QUOTED_INCLUDE_IN_FRAMEWORK_HEADER = YES;
				CLANG_WARN_RANGE_LOOP_ANALYSIS = YES;
				CLANG_WARN_STRICT_PROTOTYPES = YES;
				CLANG_WARN_SUSPICIOUS_MOVE = YES;
				CLANG_WARN_UNGUARDED_AVAILABILITY = YES_AGGRESSIVE;
				CLANG_WARN_UNREACHABLE_CODE = YES;
				CLANG_WARN__DUPLICATE_METHOD_MATCH = YES;
				COPY_PHASE_STRIP = NO;
				DEBUG_INFORMATION_FORMAT = dwarf;
				ENABLE_STRICT_OBJC_MSGSEND = YES;
				ENABLE_TESTABILITY = YES;
				GCC_C_LANGUAGE_STANDARD = gnu11;
				GCC_DYNAMIC_NO_PIC = NO;
				GCC_NO_COMMON_BLOCKS = YES;
				GCC_OPTIMIZATION_LEVEL = 0;
				GCC_PREPROCESSOR_DEFINITIONS = (
					"DEBUG=1",
					"$(inherited)",
				);
				GCC_WARN_64_TO_32_BIT_CONVERSION = YES;
				GCC_WARN_ABOUT_RETURN_TYPE = YES_ERROR;
				GCC_WARN_UNDECLARED_SELECTOR = YES;
				GCC_WARN_UNINITIALIZED_AUTOS = YES_AGGRESSIVE;
				GCC_WARN_UNUSED_FUNCTION = YES;
				GCC_WARN_UNUSED_VARIABLE = YES;
				IPHONEOS_DEPLOYMENT_TARGET = 14.2;
				MTL_ENABLE_DEBUG_INFO = INCLUDE_SOURCE;
				MTL_FAST_MATH = YES;
				ONLY_ACTIVE_ARCH = YES;
				SDKROOT = iphoneos;
				SWIFT_ACTIVE_COMPILATION_CONDITIONS = DEBUG;
				SWIFT_OPTIMIZATION_LEVEL = "-Onone";
			};
			name = Debug;
		};
		B3265CFA2581B88E0031D76E /* Release */ = {
			isa = XCBuildConfiguration;
			buildSettings = {
				ALWAYS_SEARCH_USER_PATHS = NO;
				CLANG_ANALYZER_NONNULL = YES;
				CLANG_ANALYZER_NUMBER_OBJECT_CONVERSION = YES_AGGRESSIVE;
				CLANG_CXX_LANGUAGE_STANDARD = "gnu++14";
				CLANG_CXX_LIBRARY = "libc++";
				CLANG_ENABLE_MODULES = YES;
				CLANG_ENABLE_OBJC_ARC = YES;
				CLANG_ENABLE_OBJC_WEAK = YES;
				CLANG_WARN_BLOCK_CAPTURE_AUTORELEASING = YES;
				CLANG_WARN_BOOL_CONVERSION = YES;
				CLANG_WARN_COMMA = YES;
				CLANG_WARN_CONSTANT_CONVERSION = YES;
				CLANG_WARN_DEPRECATED_OBJC_IMPLEMENTATIONS = YES;
				CLANG_WARN_DIRECT_OBJC_ISA_USAGE = YES_ERROR;
				CLANG_WARN_DOCUMENTATION_COMMENTS = YES;
				CLANG_WARN_EMPTY_BODY = YES;
				CLANG_WARN_ENUM_CONVERSION = YES;
				CLANG_WARN_INFINITE_RECURSION = YES;
				CLANG_WARN_INT_CONVERSION = YES;
				CLANG_WARN_NON_LITERAL_NULL_CONVERSION = YES;
				CLANG_WARN_OBJC_IMPLICIT_RETAIN_SELF = YES;
				CLANG_WARN_OBJC_LITERAL_CONVERSION = YES;
				CLANG_WARN_OBJC_ROOT_CLASS = YES_ERROR;
				CLANG_WARN_QUOTED_INCLUDE_IN_FRAMEWORK_HEADER = YES;
				CLANG_WARN_RANGE_LOOP_ANALYSIS = YES;
				CLANG_WARN_STRICT_PROTOTYPES = YES;
				CLANG_WARN_SUSPICIOUS_MOVE = YES;
				CLANG_WARN_UNGUARDED_AVAILABILITY = YES_AGGRESSIVE;
				CLANG_WARN_UNREACHABLE_CODE = YES;
				CLANG_WARN__DUPLICATE_METHOD_MATCH = YES;
				COPY_PHASE_STRIP = NO;
				DEBUG_INFORMATION_FORMAT = "dwarf-with-dsym";
				ENABLE_NS_ASSERTIONS = NO;
				ENABLE_STRICT_OBJC_MSGSEND = YES;
				GCC_C_LANGUAGE_STANDARD = gnu11;
				GCC_NO_COMMON_BLOCKS = YES;
				GCC_WARN_64_TO_32_BIT_CONVERSION = YES;
				GCC_WARN_ABOUT_RETURN_TYPE = YES_ERROR;
				GCC_WARN_UNDECLARED_SELECTOR = YES;
				GCC_WARN_UNINITIALIZED_AUTOS = YES_AGGRESSIVE;
				GCC_WARN_UNUSED_FUNCTION = YES;
				GCC_WARN_UNUSED_VARIABLE = YES;
				IPHONEOS_DEPLOYMENT_TARGET = 14.2;
				MTL_ENABLE_DEBUG_INFO = NO;
				MTL_FAST_MATH = YES;
				SDKROOT = iphoneos;
				SWIFT_COMPILATION_MODE = wholemodule;
				SWIFT_OPTIMIZATION_LEVEL = "-O";
				VALIDATE_PRODUCT = YES;
			};
			name = Release;
		};
		B3265CFC2581B88E0031D76E /* Debug */ = {
			isa = XCBuildConfiguration;
			buildSettings = {
				ASSETCATALOG_COMPILER_APPICON_NAME = AppIcon;
				ASSETCATALOG_COMPILER_GLOBAL_ACCENT_COLOR_NAME = AccentColor;
				CODE_SIGN_STYLE = Automatic;
				DEVELOPMENT_ASSET_PATHS = "\"AppleMapBottomSheet/Preview Content\"";
				DEVELOPMENT_TEAM = 5WWX4FV258;
				ENABLE_PREVIEWS = YES;
				INFOPLIST_FILE = AppleMapBottomSheet/Info.plist;
				IPHONEOS_DEPLOYMENT_TARGET = 14.0;
				LD_RUNPATH_SEARCH_PATHS = (
					"$(inherited)",
					"@executable_path/Frameworks",
				);
				PRODUCT_BUNDLE_IDENTIFIER = design.luannguyen.AppleMapBottomSheet;
				PRODUCT_NAME = "$(TARGET_NAME)";
				SWIFT_VERSION = 5.0;
				TARGETED_DEVICE_FAMILY = "1,2";
			};
			name = Debug;
		};
		B3265CFD2581B88E0031D76E /* Release */ = {
			isa = XCBuildConfiguration;
			buildSettings = {
				ASSETCATALOG_COMPILER_APPICON_NAME = AppIcon;
				ASSETCATALOG_COMPILER_GLOBAL_ACCENT_COLOR_NAME = AccentColor;
				CODE_SIGN_STYLE = Automatic;
				DEVELOPMENT_ASSET_PATHS = "\"AppleMapBottomSheet/Preview Content\"";
				DEVELOPMENT_TEAM = 5WWX4FV258;
				ENABLE_PREVIEWS = YES;
				INFOPLIST_FILE = AppleMapBottomSheet/Info.plist;
				IPHONEOS_DEPLOYMENT_TARGET = 14.0;
				LD_RUNPATH_SEARCH_PATHS = (
					"$(inherited)",
					"@executable_path/Frameworks",
				);
				PRODUCT_BUNDLE_IDENTIFIER = design.luannguyen.AppleMapBottomSheet;
				PRODUCT_NAME = "$(TARGET_NAME)";
				SWIFT_VERSION = 5.0;
				TARGETED_DEVICE_FAMILY = "1,2";
			};
			name = Release;
		};
/* End XCBuildConfiguration section */

/* Begin XCConfigurationList section */
		B3265CE72581B8890031D76E /* Build configuration list for PBXProject "AppleMapBottomSheet" */ = {
			isa = XCConfigurationList;
			buildConfigurations = (
				B3265CF92581B88E0031D76E /* Debug */,
				B3265CFA2581B88E0031D76E /* Release */,
			);
			defaultConfigurationIsVisible = 0;
			defaultConfigurationName = Release;
		};
		B3265CFB2581B88E0031D76E /* Build configuration list for PBXNativeTarget "AppleMapBottomSheet" */ = {
			isa = XCConfigurationList;
			buildConfigurations = (
				B3265CFC2581B88E0031D76E /* Debug */,
				B3265CFD2581B88E0031D76E /* Release */,
			);
			defaultConfigurationIsVisible = 0;
			defaultConfigurationName = Release;
		};
/* End XCConfigurationList section */
	};
	rootObject = B3265CE42581B8890031D76E /* Project object */;
}
